Microsoft Visual Studio Solution File, Format Version 12.00
# 17
VisualStudioVersion = 17.11.35208.52
MinimumVisualStudioVersion = 10.0.40219.1
Project("{9A19103F-16F7-4668-BE54-9A1E7A4F7556}") = "Top2000Maui", "src\Top2000Maui\Top2000Maui.csproj", "{F13BBF45-FD50-4940-B073-02BEA344AC12}"
EndProject
Global
	GlobalSection(SolutionConfigurationPlatforms) = preSolution
		Debug|Any CPU = Debug|Any CPU
		Release|Any CPU = Release|Any CPU
	EndGlobalSection
	GlobalSection(ProjectConfigurationPlatforms) = postSolution
		{F13BBF45-FD50-4940-B073-02BEA344AC12}.Debug|Any CPU.ActiveCfg = Debug|Any CPU
		{F13BBF45-FD50-4940-B073-02BEA344AC12}.Debug|Any CPU.Build.0 = Debug|Any CPU
		{F13BBF45-FD50-4940-B073-02BEA344AC12}.Debug|Any CPU.Deploy.0 = Debug|Any CPU
		{F13BBF45-FD50-4940-B073-02BEA344AC12}.Release|Any CPU.ActiveCfg = Release|Any CPU
		{F13BBF45-FD50-4940-B073-02BEA344AC12}.Release|Any CPU.Build.0 = Release|Any CPU
		{F13BBF45-FD50-4940-B073-02BEA344AC12}.Release|Any CPU.Deploy.0 = Release|Any CPU
	EndGlobalSection
	GlobalSection(SolutionProperties) = preSolution
		HideSolutionNode = FALSE
	EndGlobalSection
	GlobalSection(ExtensibilityGlobals) = postSolution
		SolutionGuid = {7E477101-8CDB-45C3-804B-778EF6D5653D}
	EndGlobalSection
EndGlobal
